
Microsoft Visual Studio Solution File, Format Version 12.00
# Visual Studio Version 17
VisualStudioVersion = 17.10.35201.131
MinimumVisualStudioVersion = 10.0.40219.1
Project("{FAE04EC0-301F-11D3-BF4B-00C04F79EFBC}") = "LinqPractice", "LinqPractice\LinqPractice.csproj", "{F62DE951-A691-4AB4-9640-47939245C0EF}"
EndProject
Global
	GlobalSection(SolutionConfigurationPlatforms) = preSolution
		Debug|Any CPU = Debug|Any CPU
		Release|Any CPU = Release|Any CPU
	EndGlobalSection
	GlobalSection(ProjectConfigurationPlatforms) = postSolution
		{F62DE951-A691-4AB4-9640-47939245C0EF}.Debug|Any CPU.ActiveCfg = Debug|Any CPU
		{F62DE951-A691-4AB4-9640-47939245C0EF}.Debug|Any CPU.Build.0 = Debug|Any CPU
		{F62DE951-A691-4AB4-9640-47939245C0EF}.Release|Any CPU.ActiveCfg = Release|Any CPU
		{F62DE951-A691-4AB4-9640-47939245C0EF}.Release|Any CPU.Build.0 = Release|Any CPU
	EndGlobalSection
	GlobalSection(SolutionProperties) = preSolution
		HideSolutionNode = FALSE
	EndGlobalSection
	GlobalSection(ExtensibilityGlobals) = postSolution
		SolutionGuid = {10CF38C5-7CC5-4534-A8C4-E9318306A1F2}
	EndGlobalSection
EndGlobal
